// !$*UTF8*$!
{
	archiveVersion = 1;
	classes = {
	};
	objectVersion = 50;
	objects = {

/* Begin PBXBuildFile section */
		D17F03F823E48795007AB3FE /* AppDelegate.swift in Sources */ = {isa = PBXBuildFile; fileRef = D17F03F723E48795007AB3FE /* AppDelegate.swift */; };
		D17F03FA23E48795007AB3FE /* SceneDelegate.swift in Sources */ = {isa = PBXBuildFile; fileRef = D17F03F923E48795007AB3FE /* SceneDelegate.swift */; };
		D17F03FC23E48795007AB3FE /* HomeView.swift in Sources */ = {isa = PBXBuildFile; fileRef = D17F03FB23E48795007AB3FE /* HomeView.swift */; };
		D17F03FE23E4879A007AB3FE /* Assets.xcassets in Resources */ = {isa = PBXBuildFile; fileRef = D17F03FD23E4879A007AB3FE /* Assets.xcassets */; };
		D17F040123E4879A007AB3FE /* Preview Assets.xcassets in Resources */ = {isa = PBXBuildFile; fileRef = D17F040023E4879A007AB3FE /* Preview Assets.xcassets */; };
		D17F040423E4879A007AB3FE /* LaunchScreen.storyboard in Resources */ = {isa = PBXBuildFile; fileRef = D17F040223E4879A007AB3FE /* LaunchScreen.storyboard */; };
		D17F040F23E4879A007AB3FE /* ModelViewTests.swift in Sources */ = {isa = PBXBuildFile; fileRef = D17F040E23E4879A007AB3FE /* ModelViewTests.swift */; };
		D17F041A23E4879B007AB3FE /* ModelViewUITests.swift in Sources */ = {isa = PBXBuildFile; fileRef = D17F041923E4879B007AB3FE /* ModelViewUITests.swift */; };
		D17F042823E48FB5007AB3FE /* ViewModel.swift in Sources */ = {isa = PBXBuildFile; fileRef = D17F042723E48FB5007AB3FE /* ViewModel.swift */; };
/* End PBXBuildFile section */

/* Begin PBXContainerItemProxy section */
		D17F040B23E4879A007AB3FE /* PBXContainerItemProxy */ = {
			isa = PBXContainerItemProxy;
			containerPortal = D17F03EC23E48795007AB3FE /* Project object */;
			proxyType = 1;
			remoteGlobalIDString = D17F03F323E48795007AB3FE;
			remoteInfo = ModelView;
		};
		D17F041623E4879B007AB3FE /* PBXContainerItemProxy */ = {
			isa = PBXContainerItemProxy;
			containerPortal = D17F03EC23E48795007AB3FE /* Project object */;
			proxyType = 1;
			remoteGlobalIDString = D17F03F323E48795007AB3FE;
			remoteInfo = ModelView;
		};
/* End PBXContainerItemProxy section */

/* Begin PBXFileReference section */
		D17F03F423E48795007AB3FE /* ModelView.app */ = {isa = PBXFileReference; explicitFileType = wrapper.application; includeInIndex = 0; path = ModelView.app; sourceTree = BUILT_PRODUCTS_DIR; };
		D17F03F723E48795007AB3FE /* AppDelegate.swift */ = {isa = PBXFileReference; lastKnownFileType = sourcecode.swift; path = AppDelegate.swift; sourceTree = "<group>"; };
		D17F03F923E48795007AB3FE /* SceneDelegate.swift */ = {isa = PBXFileReference; lastKnownFileType = sourcecode.swift; path = SceneDelegate.swift; sourceTree = "<group>"; };
		D17F03FB23E48795007AB3FE /* HomeView.swift */ = {isa = PBXFileReference; lastKnownFileType = sourcecode.swift; path = HomeView.swift; sourceTree = "<group>"; };
		D17F03FD23E4879A007AB3FE /* Assets.xcassets */ = {isa = PBXFileReference; lastKnownFileType = folder.assetcatalog; path = Assets.xcassets; sourceTree = "<group>"; };
		D17F040023E4879A007AB3FE /* Preview Assets.xcassets */ = {isa = PBXFileReference; lastKnownFileType = folder.assetcatalog; path = "Preview Assets.xcassets"; sourceTree = "<group>"; };
		D17F040323E4879A007AB3FE /* Base */ = {isa = PBXFileReference; lastKnownFileType = file.storyboard; name = Base; path = Base.lproj/LaunchScreen.storyboard; sourceTree = "<group>"; };
		D17F040523E4879A007AB3FE /* Info.plist */ = {isa = PBXFileReference; lastKnownFileType = text.plist.xml; path = Info.plist; sourceTree = "<group>"; };
		D17F040A23E4879A007AB3FE /* ModelViewTests.xctest */ = {isa = PBXFileReference; explicitFileType = wrapper.cfbundle; includeInIndex = 0; path = ModelViewTests.xctest; sourceTree = BUILT_PRODUCTS_DIR; };
		D17F040E23E4879A007AB3FE /* ModelViewTests.swift */ = {isa = PBXFileReference; lastKnownFileType = sourcecode.swift; path = ModelViewTests.swift; sourceTree = "<group>"; };
		D17F041023E4879A007AB3FE /* Info.plist */ = {isa = PBXFileReference; lastKnownFileType = text.plist.xml; path = Info.plist; sourceTree = "<group>"; };
		D17F041523E4879B007AB3FE /* ModelViewUITests.xctest */ = {isa = PBXFileReference; explicitFileType = wrapper.cfbundle; includeInIndex = 0; path = ModelViewUITests.xctest; sourceTree = BUILT_PRODUCTS_DIR; };
		D17F041923E4879B007AB3FE /* ModelViewUITests.swift */ = {isa = PBXFileReference; lastKnownFileType = sourcecode.swift; path = ModelViewUITests.swift; sourceTree = "<group>"; };
		D17F041B23E4879B007AB3FE /* Info.plist */ = {isa = PBXFileReference; lastKnownFileType = text.plist.xml; path = Info.plist; sourceTree = "<group>"; };
		D17F042723E48FB5007AB3FE /* ViewModel.swift */ = {isa = PBXFileReference; lastKnownFileType = sourcecode.swift; path = ViewModel.swift; sourceTree = "<group>"; };
/* End PBXFileReference section */

/* Begin PBXFrameworksBuildPhase section */
		D17F03F123E48795007AB3FE /* Frameworks */ = {
			isa = PBXFrameworksBuildPhase;
			buildActionMask = 2147483647;
			files = (
			);
			runOnlyForDeploymentPostprocessing = 0;
		};
		D17F040723E4879A007AB3FE /* Frameworks */ = {
			isa = PBXFrameworksBuildPhase;
			buildActionMask = 2147483647;
			files = (
			);
			runOnlyForDeploymentPostprocessing = 0;
		};
		D17F041223E4879B007AB3FE /* Frameworks */ = {
			isa = PBXFrameworksBuildPhase;
			buildActionMask = 2147483647;
			files = (
			);
			runOnlyForDeploymentPostprocessing = 0;
		};
/* End PBXFrameworksBuildPhase section */

/* Begin PBXGroup section */
		D17F03EB23E48795007AB3FE = {
			isa = PBXGroup;
			children = (
				D17F03F623E48795007AB3FE /* ModelView */,
				D17F040D23E4879A007AB3FE /* ModelViewTests */,
				D17F041823E4879B007AB3FE /* ModelViewUITests */,
				D17F03F523E48795007AB3FE /* Products */,
			);
			sourceTree = "<group>";
		};
		D17F03F523E48795007AB3FE /* Products */ = {
			isa = PBXGroup;
			children = (
				D17F03F423E48795007AB3FE /* ModelView.app */,
				D17F040A23E4879A007AB3FE /* ModelViewTests.xctest */,
				D17F041523E4879B007AB3FE /* ModelViewUITests.xctest */,
			);
			name = Products;
			sourceTree = "<group>";
		};
		D17F03F623E48795007AB3FE /* ModelView */ = {
			isa = PBXGroup;
			children = (
				D17F03F723E48795007AB3FE /* AppDelegate.swift */,
				D17F03F923E48795007AB3FE /* SceneDelegate.swift */,
				D17F03FB23E48795007AB3FE /* HomeView.swift */,
				D17F042723E48FB5007AB3FE /* ViewModel.swift */,
				D17F03FD23E4879A007AB3FE /* Assets.xcassets */,
				D17F040223E4879A007AB3FE /* LaunchScreen.storyboard */,
				D17F040523E4879A007AB3FE /* Info.plist */,
				D17F03FF23E4879A007AB3FE /* Preview Content */,
			);
			path = ModelView;
			sourceTree = "<group>";
		};
		D17F03FF23E4879A007AB3FE /* Preview Content */ = {
			isa = PBXGroup;
			children = (
				D17F040023E4879A007AB3FE /* Preview Assets.xcassets */,
			);
			path = "Preview Content";
			sourceTree = "<group>";
		};
		D17F040D23E4879A007AB3FE /* ModelViewTests */ = {
			isa = PBXGroup;
			children = (
				D17F040E23E4879A007AB3FE /* ModelViewTests.swift */,
				D17F041023E4879A007AB3FE /* Info.plist */,
			);
			path = ModelViewTests;
			sourceTree = "<group>";
		};
		D17F041823E4879B007AB3FE /* ModelViewUITests */ = {
			isa = PBXGroup;
			children = (
				D17F041923E4879B007AB3FE /* ModelViewUITests.swift */,
				D17F041B23E4879B007AB3FE /* Info.plist */,
			);
			path = ModelViewUITests;
			sourceTree = "<group>";
		};
/* End PBXGroup section */

/* Begin PBXNativeTarget section */
		D17F03F323E48795007AB3FE /* ModelView */ = {
			isa = PBXNativeTarget;
			buildConfigurationList = D17F041E23E4879B007AB3FE /* Build configuration list for PBXNativeTarget "ModelView" */;
			buildPhases = (
				D17F03F023E48795007AB3FE /* Sources */,
				D17F03F123E48795007AB3FE /* Frameworks */,
				D17F03F223E48795007AB3FE /* Resources */,
			);
			buildRules = (
			);
			dependencies = (
			);
			name = ModelView;
			productName = ModelView;
			productReference = D17F03F423E48795007AB3FE /* ModelView.app */;
			productType = "com.apple.product-type.application";
		};
		D17F040923E4879A007AB3FE /* ModelViewTests */ = {
			isa = PBXNativeTarget;
			buildConfigurationList = D17F042123E4879B007AB3FE /* Build configuration list for PBXNativeTarget "ModelViewTests" */;
			buildPhases = (
				D17F040623E4879A007AB3FE /* Sources */,
				D17F040723E4879A007AB3FE /* Frameworks */,
				D17F040823E4879A007AB3FE /* Resources */,
			);
			buildRules = (
			);
			dependencies = (
				D17F040C23E4879A007AB3FE /* PBXTargetDependency */,
			);
			name = ModelViewTests;
			productName = ModelViewTests;
			productReference = D17F040A23E4879A007AB3FE /* ModelViewTests.xctest */;
			productType = "com.apple.product-type.bundle.unit-test";
		};
		D17F041423E4879B007AB3FE /* ModelViewUITests */ = {
			isa = PBXNativeTarget;
			buildConfigurationList = D17F042423E4879B007AB3FE /* Build configuration list for PBXNativeTarget "ModelViewUITests" */;
			buildPhases = (
				D17F041123E4879B007AB3FE /* Sources */,
				D17F041223E4879B007AB3FE /* Frameworks */,
				D17F041323E4879B007AB3FE /* Resources */,
			);
			buildRules = (
			);
			dependencies = (
				D17F041723E4879B007AB3FE /* PBXTargetDependency */,
			);
			name = ModelViewUITests;
			productName = ModelViewUITests;
			productReference = D17F041523E4879B007AB3FE /* ModelViewUITests.xctest */;
			productType = "com.apple.product-type.bundle.ui-testing";
		};
/* End PBXNativeTarget section */

/* Begin PBXProject section */
		D17F03EC23E48795007AB3FE /* Project object */ = {
			isa = PBXProject;
			attributes = {
				LastSwiftUpdateCheck = 1130;
				LastUpgradeCheck = 1130;
				ORGANIZATIONNAME = shiga;
				TargetAttributes = {
					D17F03F323E48795007AB3FE = {
						CreatedOnToolsVersion = 11.3;
					};
					D17F040923E4879A007AB3FE = {
						CreatedOnToolsVersion = 11.3;
						TestTargetID = D17F03F323E48795007AB3FE;
					};
					D17F041423E4879B007AB3FE = {
						CreatedOnToolsVersion = 11.3;
						TestTargetID = D17F03F323E48795007AB3FE;
					};
				};
			};
			buildConfigurationList = D17F03EF23E48795007AB3FE /* Build configuration list for PBXProject "ModelView" */;
			compatibilityVersion = "Xcode 9.3";
			developmentRegion = en;
			hasScannedForEncodings = 0;
			knownRegions = (
				en,
				Base,
			);
			mainGroup = D17F03EB23E48795007AB3FE;
			productRefGroup = D17F03F523E48795007AB3FE /* Products */;
			projectDirPath = "";
			projectRoot = "";
			targets = (
				D17F03F323E48795007AB3FE /* ModelView */,
				D17F040923E4879A007AB3FE /* ModelViewTests */,
				D17F041423E4879B007AB3FE /* ModelViewUITests */,
			);
		};
/* End PBXProject section */

/* Begin PBXResourcesBuildPhase section */
		D17F03F223E48795007AB3FE /* Resources */ = {
			isa = PBXResourcesBuildPhase;
			buildActionMask = 2147483647;
			files = (
				D17F040423E4879A007AB3FE /* LaunchScreen.storyboard in Resources */,
				D17F040123E4879A007AB3FE /* Preview Assets.xcassets in Resources */,
				D17F03FE23E4879A007AB3FE /* Assets.xcassets in Resources */,
			);
			runOnlyForDeploymentPostprocessing = 0;
		};
		D17F040823E4879A007AB3FE /* Resources */ = {
			isa = PBXResourcesBuildPhase;
			buildActionMask = 2147483647;
			files = (
			);
			runOnlyForDeploymentPostprocessing = 0;
		};
		D17F041323E4879B007AB3FE /* Resources */ = {
			isa = PBXResourcesBuildPhase;
			buildActionMask = 2147483647;
			files = (
			);
			runOnlyForDeploymentPostprocessing = 0;
		};
/* End PBXResourcesBuildPhase section */

/* Begin PBXSourcesBuildPhase section */
		D17F03F023E48795007AB3FE /* Sources */ = {
			isa = PBXSourcesBuildPhase;
			buildActionMask = 2147483647;
			files = (
				D17F03F823E48795007AB3FE /* AppDelegate.swift in Sources */,
				D17F03FA23E48795007AB3FE /* SceneDelegate.swift in Sources */,
				D17F042823E48FB5007AB3FE /* ViewModel.swift in Sources */,
				D17F03FC23E48795007AB3FE /* HomeView.swift in Sources */,
			);
			runOnlyForDeploymentPostprocessing = 0;
		};
		D17F040623E4879A007AB3FE /* Sources */ = {
			isa = PBXSourcesBuildPhase;
			buildActionMask = 2147483647;
			files = (
				D17F040F23E4879A007AB3FE /* ModelViewTests.swift in Sources */,
			);
			runOnlyForDeploymentPostprocessing = 0;
		};
		D17F041123E4879B007AB3FE /* Sources */ = {
			isa = PBXSourcesBuildPhase;
			buildActionMask = 2147483647;
			files = (
				D17F041A23E4879B007AB3FE /* ModelViewUITests.swift in Sources */,
			);
			runOnlyForDeploymentPostprocessing = 0;
		};
/* End PBXSourcesBuildPhase section */

/* Begin PBXTargetDependency section */
		D17F040C23E4879A007AB3FE /* PBXTargetDependency */ = {
			isa = PBXTargetDependency;
			target = D17F03F323E48795007AB3FE /* ModelView */;
			targetProxy = D17F040B23E4879A007AB3FE /* PBXContainerItemProxy */;
		};
		D17F041723E4879B007AB3FE /* PBXTargetDependency */ = {
			isa = PBXTargetDependency;
			target = D17F03F323E48795007AB3FE /* ModelView */;
			targetProxy = D17F041623E4879B007AB3FE /* PBXContainerItemProxy */;
		};
/* End PBXTargetDependency section */

/* Begin PBXVariantGroup section */
		D17F040223E4879A007AB3FE /* LaunchScreen.storyboard */ = {
			isa = PBXVariantGroup;
			children = (
				D17F040323E4879A007AB3FE /* Base */,
			);
			name = LaunchScreen.storyboard;
			sourceTree = "<group>";
		};
/* End PBXVariantGroup section */

/* Begin XCBuildConfiguration section */
		D17F041C23E4879B007AB3FE /* Debug */ = {
			isa = XCBuildConfiguration;
			buildSettings = {
				ALWAYS_SEARCH_USER_PATHS = NO;
				CLANG_ANALYZER_NONNULL = YES;
				CLANG_ANALYZER_NUMBER_OBJECT_CONVERSION = YES_AGGRESSIVE;
				CLANG_CXX_LANGUAGE_STANDARD = "gnu++14";
				CLANG_CXX_LIBRARY = "libc++";
				CLANG_ENABLE_MODULES = YES;
				CLANG_ENABLE_OBJC_ARC = YES;
				CLANG_ENABLE_OBJC_WEAK = YES;
				CLANG_WARN_BLOCK_CAPTURE_AUTORELEASING = YES;
				CLANG_WARN_BOOL_CONVERSION = YES;
				CLANG_WARN_COMMA = YES;
				CLANG_WARN_CONSTANT_CONVERSION = YES;
				CLANG_WARN_DEPRECATED_OBJC_IMPLEMENTATIONS = YES;
				CLANG_WARN_DIRECT_OBJC_ISA_USAGE = YES_ERROR;
				CLANG_WARN_DOCUMENTATION_COMMENTS = YES;
				CLANG_WARN_EMPTY_BODY = YES;
				CLANG_WARN_ENUM_CONVERSION = YES;
				CLANG_WARN_INFINITE_RECURSION = YES;
				CLANG_WARN_INT_CONVERSION = YES;
				CLANG_WARN_NON_LITERAL_NULL_CONVERSION = YES;
				CLANG_WARN_OBJC_IMPLICIT_RETAIN_SELF = YES;
				CLANG_WARN_OBJC_LITERAL_CONVERSION = YES;
				CLANG_WARN_OBJC_ROOT_CLASS = YES_ERROR;
				CLANG_WARN_RANGE_LOOP_ANALYSIS = YES;
				CLANG_WARN_STRICT_PROTOTYPES = YES;
				CLANG_WARN_SUSPICIOUS_MOVE = YES;
				CLANG_WARN_UNGUARDED_AVAILABILITY = YES_AGGRESSIVE;
				CLANG_WARN_UNREACHABLE_CODE = YES;
				CLANG_WARN__DUPLICATE_METHOD_MATCH = YES;
				COPY_PHASE_STRIP = NO;
				DEBUG_INFORMATION_FORMAT = dwarf;
				ENABLE_STRICT_OBJC_MSGSEND = YES;
				ENABLE_TESTABILITY = YES;
				GCC_C_LANGUAGE_STANDARD = gnu11;
				GCC_DYNAMIC_NO_PIC = NO;
				GCC_NO_COMMON_BLOCKS = YES;
				GCC_OPTIMIZATION_LEVEL = 0;
				GCC_PREPROCESSOR_DEFINITIONS = (
					"DEBUG=1",
					"$(inherited)",
				);
				GCC_WARN_64_TO_32_BIT_CONVERSION = YES;
				GCC_WARN_ABOUT_RETURN_TYPE = YES_ERROR;
				GCC_WARN_UNDECLARED_SELECTOR = YES;
				GCC_WARN_UNINITIALIZED_AUTOS = YES_AGGRESSIVE;
				GCC_WARN_UNUSED_FUNCTION = YES;
				GCC_WARN_UNUSED_VARIABLE = YES;
				IPHONEOS_DEPLOYMENT_TARGET = 13.2;
				MTL_ENABLE_DEBUG_INFO = INCLUDE_SOURCE;
				MTL_FAST_MATH = YES;
				ONLY_ACTIVE_ARCH = YES;
				SDKROOT = iphoneos;
				SWIFT_ACTIVE_COMPILATION_CONDITIONS = DEBUG;
				SWIFT_OPTIMIZATION_LEVEL = "-Onone";
			};
			name = Debug;
		};
		D17F041D23E4879B007AB3FE /* Release */ = {
			isa = XCBuildConfiguration;
			buildSettings = {
				ALWAYS_SEARCH_USER_PATHS = NO;
				CLANG_ANALYZER_NONNULL = YES;
				CLANG_ANALYZER_NUMBER_OBJECT_CONVERSION = YES_AGGRESSIVE;
				CLANG_CXX_LANGUAGE_STANDARD = "gnu++14";
				CLANG_CXX_LIBRARY = "libc++";
				CLANG_ENABLE_MODULES = YES;
				CLANG_ENABLE_OBJC_ARC = YES;
				CLANG_ENABLE_OBJC_WEAK = YES;
				CLANG_WARN_BLOCK_CAPTURE_AUTORELEASING = YES;
				CLANG_WARN_BOOL_CONVERSION = YES;
				CLANG_WARN_COMMA = YES;
				CLANG_WARN_CONSTANT_CONVERSION = YES;
				CLANG_WARN_DEPRECATED_OBJC_IMPLEMENTATIONS = YES;
				CLANG_WARN_DIRECT_OBJC_ISA_USAGE = YES_ERROR;
				CLANG_WARN_DOCUMENTATION_COMMENTS = YES;
				CLANG_WARN_EMPTY_BODY = YES;
				CLANG_WARN_ENUM_CONVERSION = YES;
				CLANG_WARN_INFINITE_RECURSION = YES;
				CLANG_WARN_INT_CONVERSION = YES;
				CLANG_WARN_NON_LITERAL_NULL_CONVERSION = YES;
				CLANG_WARN_OBJC_IMPLICIT_RETAIN_SELF = YES;
				CLANG_WARN_OBJC_LITERAL_CONVERSION = YES;
				CLANG_WARN_OBJC_ROOT_CLASS = YES_ERROR;
				CLANG_WARN_RANGE_LOOP_ANALYSIS = YES;
				CLANG_WARN_STRICT_PROTOTYPES = YES;
				CLANG_WARN_SUSPICIOUS_MOVE = YES;
				CLANG_WARN_UNGUARDED_AVAILABILITY = YES_AGGRESSIVE;
				CLANG_WARN_UNREACHABLE_CODE = YES;
				CLANG_WARN__DUPLICATE_METHOD_MATCH = YES;
				COPY_PHASE_STRIP = NO;
				DEBUG_INFORMATION_FORMAT = "dwarf-with-dsym";
				ENABLE_NS_ASSERTIONS = NO;
				ENABLE_STRICT_OBJC_MSGSEND = YES;
				GCC_C_LANGUAGE_STANDARD = gnu11;
				GCC_NO_COMMON_BLOCKS = YES;
				GCC_WARN_64_TO_32_BIT_CONVERSION = YES;
				GCC_WARN_ABOUT_RETURN_TYPE = YES_ERROR;
				GCC_WARN_UNDECLARED_SELECTOR = YES;
				GCC_WARN_UNINITIALIZED_AUTOS = YES_AGGRESSIVE;
				GCC_WARN_UNUSED_FUNCTION = YES;
				GCC_WARN_UNUSED_VARIABLE = YES;
				IPHONEOS_DEPLOYMENT_TARGET = 13.2;
				MTL_ENABLE_DEBUG_INFO = NO;
				MTL_FAST_MATH = YES;
				SDKROOT = iphoneos;
				SWIFT_COMPILATION_MODE = wholemodule;
				SWIFT_OPTIMIZATION_LEVEL = "-O";
				VALIDATE_PRODUCT = YES;
			};
			name = Release;
		};
		D17F041F23E4879B007AB3FE /* Debug */ = {
			isa = XCBuildConfiguration;
			buildSettings = {
				ASSETCATALOG_COMPILER_APPICON_NAME = AppIcon;
				CODE_SIGN_STYLE = Automatic;
				DEVELOPMENT_ASSET_PATHS = "\"ModelView/Preview Content\"";
				DEVELOPMENT_TEAM = J3W7ZZT238;
				ENABLE_PREVIEWS = YES;
				INFOPLIST_FILE = ModelView/Info.plist;
				LD_RUNPATH_SEARCH_PATHS = (
					"$(inherited)",
					"@executable_path/Frameworks",
				);
				PRODUCT_BUNDLE_IDENTIFIER = com.Shigas.ModelView;
				PRODUCT_NAME = "$(TARGET_NAME)";
				SWIFT_VERSION = 5.0;
				TARGETED_DEVICE_FAMILY = "1,2";
			};
			name = Debug;
		};
		D17F042023E4879B007AB3FE /* Release */ = {
			isa = XCBuildConfiguration;
			buildSettings = {
				ASSETCATALOG_COMPILER_APPICON_NAME = AppIcon;
				CODE_SIGN_STYLE = Automatic;
				DEVELOPMENT_ASSET_PATHS = "\"ModelView/Preview Content\"";
				DEVELOPMENT_TEAM = J3W7ZZT238;
				ENABLE_PREVIEWS = YES;
				INFOPLIST_FILE = ModelView/Info.plist;
				LD_RUNPATH_SEARCH_PATHS = (
					"$(inherited)",
					"@executable_path/Frameworks",
				);
				PRODUCT_BUNDLE_IDENTIFIER = com.Shigas.ModelView;
				PRODUCT_NAME = "$(TARGET_NAME)";
				SWIFT_VERSION = 5.0;
				TARGETED_DEVICE_FAMILY = "1,2";
			};
			name = Release;
		};
		D17F042223E4879B007AB3FE /* Debug */ = {
			isa = XCBuildConfiguration;
			buildSettings = {
				ALWAYS_EMBED_SWIFT_STANDARD_LIBRARIES = YES;
				BUNDLE_LOADER = "$(TEST_HOST)";
				CODE_SIGN_STYLE = Automatic;
				DEVELOPMENT_TEAM = J3W7ZZT238;
				INFOPLIST_FILE = ModelViewTests/Info.plist;
				IPHONEOS_DEPLOYMENT_TARGET = 13.2;
				LD_RUNPATH_SEARCH_PATHS = (
					"$(inherited)",
					"@executable_path/Frameworks",
					"@loader_path/Frameworks",
				);
				PRODUCT_BUNDLE_IDENTIFIER = com.Shigas.ModelViewTests;
				PRODUCT_NAME = "$(TARGET_NAME)";
				SWIFT_VERSION = 5.0;
				TARGETED_DEVICE_FAMILY = "1,2";
				TEST_HOST = "$(BUILT_PRODUCTS_DIR)/ModelView.app/ModelView";
			};
			name = Debug;
		};
		D17F042323E4879B007AB3FE /* Release */ = {
			isa = XCBuildConfiguration;
			buildSettings = {
				ALWAYS_EMBED_SWIFT_STANDARD_LIBRARIES = YES;
				BUNDLE_LOADER = "$(TEST_HOST)";
				CODE_SIGN_STYLE = Automatic;
				DEVELOPMENT_TEAM = J3W7ZZT238;
				INFOPLIST_FILE = ModelViewTests/Info.plist;
				IPHONEOS_DEPLOYMENT_TARGET = 13.2;
				LD_RUNPATH_SEARCH_PATHS = (
					"$(inherited)",
					"@executable_path/Frameworks",
					"@loader_path/Frameworks",
				);
				PRODUCT_BUNDLE_IDENTIFIER = com.Shigas.ModelViewTests;
				PRODUCT_NAME = "$(TARGET_NAME)";
				SWIFT_VERSION = 5.0;
				TARGETED_DEVICE_FAMILY = "1,2";
				TEST_HOST = "$(BUILT_PRODUCTS_DIR)/ModelView.app/ModelView";
			};
			name = Release;
		};
		D17F042523E4879B007AB3FE /* Debug */ = {
			isa = XCBuildConfiguration;
			buildSettings = {
				ALWAYS_EMBED_SWIFT_STANDARD_LIBRARIES = YES;
				CODE_SIGN_STYLE = Automatic;
				DEVELOPMENT_TEAM = J3W7ZZT238;
				INFOPLIST_FILE = ModelViewUITests/Info.plist;
				LD_RUNPATH_SEARCH_PATHS = (
					"$(inherited)",
					"@executable_path/Frameworks",
					"@loader_path/Frameworks",
				);
				PRODUCT_BUNDLE_IDENTIFIER = com.Shigas.ModelViewUITests;
				PRODUCT_NAME = "$(TARGET_NAME)";
				SWIFT_VERSION = 5.0;
				TARGETED_DEVICE_FAMILY = "1,2";
				TEST_TARGET_NAME = ModelView;
			};
			name = Debug;
		};
		D17F042623E4879B007AB3FE /* Release */ = {
			isa = XCBuildConfiguration;
			buildSettings = {
				ALWAYS_EMBED_SWIFT_STANDARD_LIBRARIES = YES;
				CODE_SIGN_STYLE = Automatic;
				DEVELOPMENT_TEAM = J3W7ZZT238;
				INFOPLIST_FILE = ModelViewUITests/Info.plist;
				LD_RUNPATH_SEARCH_PATHS = (
					"$(inherited)",
					"@executable_path/Frameworks",
					"@loader_path/Frameworks",
				);
				PRODUCT_BUNDLE_IDENTIFIER = com.Shigas.ModelViewUITests;
				PRODUCT_NAME = "$(TARGET_NAME)";
				SWIFT_VERSION = 5.0;
				TARGETED_DEVICE_FAMILY = "1,2";
				TEST_TARGET_NAME = ModelView;
			};
			name = Release;
		};
/* End XCBuildConfiguration section */

/* Begin XCConfigurationList section */
		D17F03EF23E48795007AB3FE /* Build configuration list for PBXProject "ModelView" */ = {
			isa = XCConfigurationList;
			buildConfigurations = (
				D17F041C23E4879B007AB3FE /* Debug */,
				D17F041D23E4879B007AB3FE /* Release */,
			);
			defaultConfigurationIsVisible = 0;
			defaultConfigurationName = Release;
		};
		D17F041E23E4879B007AB3FE /* Build configuration list for PBXNativeTarget "ModelView" */ = {
			isa = XCConfigurationList;
			buildConfigurations = (
				D17F041F23E4879B007AB3FE /* Debug */,
				D17F042023E4879B007AB3FE /* Release */,
			);
			defaultConfigurationIsVisible = 0;
			defaultConfigurationName = Release;
		};
		D17F042123E4879B007AB3FE /* Build configuration list for PBXNativeTarget "ModelViewTests" */ = {
			isa = XCConfigurationList;
			buildConfigurations = (
				D17F042223E4879B007AB3FE /* Debug */,
				D17F042323E4879B007AB3FE /* Release */,
			);
			defaultConfigurationIsVisible = 0;
			defaultConfigurationName = Release;
		};
		D17F042423E4879B007AB3FE /* Build configuration list for PBXNativeTarget "ModelViewUITests" */ = {
			isa = XCConfigurationList;
			buildConfigurations = (
				D17F042523E4879B007AB3FE /* Debug */,
				D17F042623E4879B007AB3FE /* Release */,
			);
			defaultConfigurationIsVisible = 0;
			defaultConfigurationName = Release;
		};
/* End XCConfigurationList section */
	};
	rootObject = D17F03EC23E48795007AB3FE /* Project object */;
}
